<?xml version="1.0" encoding="utf-8"?>
<Project ToolsVersion="4.0" xmlns="http://schemas.microsoft.com/developer/msbuild/2003">
  <ItemGroup>
    <Filter Include="Source Files">
      <UniqueIdentifier>{91332e67-a647-4804-81b9-84cad8adbbca}</UniqueIdentifier>
      <Extensions>cpp;c;cxx;rc;def;r;odl;idl;hpj;bat</Extensions>
    </Filter>
    <Filter Include="Header Files">
      <UniqueIdentifier>{5e513bd3-9e48-4c42-baf1-91016dc4736f}</UniqueIdentifier>
      <Extensions>h;hpp;hxx;hm;inl</Extensions>
    </Filter>
    <Filter Include="Resource Files">
      <UniqueIdentifier>{dc40ae97-2c36-4c92-9d8e-a3d811f2a4d0}</UniqueIdentifier>
      <Extensions>ico;cur;bmp;dlg;rc2;rct;bin;rgs;gif;jpg;jpeg;jpe</Extensions>
    </Filter>
  </ItemGroup>
  <ItemGroup>
    <ClCompile Include="initialize_ui.c">
      <Filter>Source Files</Filter>
    </ClCompile>
    <ClCompile Include="set_autorun.c">
      <Filter>Source Files</Filter>
    </ClCompile>
    <ClCompile Include="VirtualMouse.c">
      <Filter>Source Files</Filter>
    </ClCompile>
    <ClCompile Include="wndproc.c">
      <Filter>Source Files</Filter>
    </ClCompile>
  </ItemGroup>
  <ItemGroup>
    <ClInclude Include="constant.h">
      <Filter>Header Files</Filter>
    </ClInclude>
    <ClInclude Include="initialize_ui.h">
      <Filter>Header Files</Filter>
    </ClInclude>
    <ClInclude Include="set_autorun.h">
      <Filter>Header Files</Filter>
    </ClInclude>
    <ClInclude Include="wndproc.h">
      <Filter>Header Files</Filter>
    </ClInclude>
  </ItemGroup>
  <ItemGroup>
    <ResourceCompile Include="resources.rc">
      <Filter>Resource Files</Filter>
    </ResourceCompile>
  </ItemGroup>
  <ItemGroup>
    <Manifest Include="VirtualMouse.manifest" />
  </ItemGroup>
  <ItemGroup>
    <CustomBuild Include="bin24.bin">
      <Filter>Resource Files</Filter>
    </CustomBuild>
    <CustomBuild Include="icon_lef.ico">
      <Filter>Resource Files</Filter>
    </CustomBuild>
  </ItemGroup>
</Project>